
Microsoft Visual Studio Solution File, Format Version 12.00
# Visual Studio Version 17
VisualStudioVersion = 17.5.002.0
MinimumVisualStudioVersion = 10.0.40219.1
Project("{9A19103F-16F7-4668-BE54-9A1E7A4F7556}") = "Pages", "Pages\Pages.csproj", "{B1CB697A-6979-41F8-BD8D-F1317E6029C6}"
EndProject
Project("{9A19103F-16F7-4668-BE54-9A1E7A4F7556}") = "TestPages", "TestPages\TestPages.csproj", "{7F231B9D-373A-42F3-96FB-E550C6DCBC42}"
EndProject
Global
	GlobalSection(SolutionConfigurationPlatforms) = preSolution
		Debug|Any CPU = Debug|Any CPU
		Release|Any CPU = Release|Any CPU
	EndGlobalSection
	GlobalSection(ProjectConfigurationPlatforms) = postSolution
		{B1CB697A-6979-41F8-BD8D-F1317E6029C6}.Debug|Any CPU.ActiveCfg = Debug|Any CPU
		{B1CB697A-6979-41F8-BD8D-F1317E6029C6}.Debug|Any CPU.Build.0 = Debug|Any CPU
		{B1CB697A-6979-41F8-BD8D-F1317E6029C6}.Release|Any CPU.ActiveCfg = Release|Any CPU
		{B1CB697A-6979-41F8-BD8D-F1317E6029C6}.Release|Any CPU.Build.0 = Release|Any CPU
		{7F231B9D-373A-42F3-96FB-E550C6DCBC42}.Debug|Any CPU.ActiveCfg = Debug|Any CPU
		{7F231B9D-373A-42F3-96FB-E550C6DCBC42}.Debug|Any CPU.Build.0 = Debug|Any CPU
		{7F231B9D-373A-42F3-96FB-E550C6DCBC42}.Release|Any CPU.ActiveCfg = Release|Any CPU
		{7F231B9D-373A-42F3-96FB-E550C6DCBC42}.Release|Any CPU.Build.0 = Release|Any CPU
	EndGlobalSection
	GlobalSection(SolutionProperties) = preSolution
		HideSolutionNode = FALSE
	EndGlobalSection
	GlobalSection(ExtensibilityGlobals) = postSolution
		SolutionGuid = {DD283342-062D-431D-9951-27ABA8103FFB}
	EndGlobalSection
EndGlobal
